
Microsoft Visual Studio Solution File, Format Version 12.00
# Visual Studio 15
VisualStudioVersion = 15.0.28307.168
MinimumVisualStudioVersion = 10.0.40219.1
Project("{FAE04EC0-301F-11D3-BF4B-00C04F79EFBC}") = "TerminalApp", "TerminalApp\TerminalApp.csproj", "{B93BF02E-A9FA-406A-B63F-3536CE34ED9B}"
EndProject
Global
	GlobalSection(SolutionConfigurationPlatforms) = preSolution
		Debug|Any CPU = Debug|Any CPU
		Release|Any CPU = Release|Any CPU
	EndGlobalSection
	GlobalSection(ProjectConfigurationPlatforms) = postSolution
		{B93BF02E-A9FA-406A-B63F-3536CE34ED9B}.Debug|Any CPU.ActiveCfg = Debug|Any CPU
		{B93BF02E-A9FA-406A-B63F-3536CE34ED9B}.Debug|Any CPU.Build.0 = Debug|Any CPU
		{B93BF02E-A9FA-406A-B63F-3536CE34ED9B}.Release|Any CPU.ActiveCfg = Release|Any CPU
		{B93BF02E-A9FA-406A-B63F-3536CE34ED9B}.Release|Any CPU.Build.0 = Release|Any CPU
	EndGlobalSection
	GlobalSection(SolutionProperties) = preSolution
		HideSolutionNode = FALSE
	EndGlobalSection
	GlobalSection(ExtensibilityGlobals) = postSolution
		SolutionGuid = {691B0BB3-8834-44ED-AA33-2002C0A1A74B}
	EndGlobalSection
EndGlobal
